<?xml version="1.0" encoding="utf-8"?>
<Project ToolsVersion="4.0" xmlns="http://schemas.microsoft.com/developer/msbuild/2003">
  <ItemGroup>
    <Filter Include="Source Files">
      <UniqueIdentifier>{4FC737F1-C7A5-4376-A066-2A32D752A2FF}</UniqueIdentifier>
      <Extensions>cpp;c;cc;cxx;def;odl;idl;hpj;bat;asm;asmx</Extensions>
    </Filter>
    <Filter Include="Header Files">
      <UniqueIdentifier>{93995380-89BD-4b04-88EB-625FBE52EBFB}</UniqueIdentifier>
      <Extensions>h;hpp;hxx;hm;inl;inc;xsd</Extensions>
    </Filter>
    <Filter Include="Resource Files">
      <UniqueIdentifier>{67DA6AB6-F800-4c08-8B7A-83BB121AAD01}</UniqueIdentifier>
      <Extensions>rc;ico;cur;bmp;dlg;rc2;rct;bin;rgs;gif;jpg;jpeg;jpe;resx;tiff;tif;png;wav;mfcribbon-ms</Extensions>
    </Filter>
  </ItemGroup>
  <ItemGroup>
    <ClCompile Include="Source\main.cpp">
      <Filter>Source Files</Filter>
    </ClCompile>
    <ClCompile Include="Source\Board.cpp">
      <Filter>Source Files</Filter>
    </ClCompile>
    <ClCompile Include="Source\Console.cpp">
      <Filter>Source Files</Filter>
    </ClCompile>
    <ClCompile Include="Source\Tetris.cpp">
      <Filter>Source Files</Filter>
    </ClCompile>
  </ItemGroup>
  <ItemGroup>
    <ClInclude Include="Includes\Board.h">
      <Filter>Header Files</Filter>
    </ClInclude>
    <ClInclude Include="Includes\CountedPointer.h">
      <Filter>Header Files</Filter>
    </ClInclude>
    <ClInclude Include="Includes\Shapes.h">
      <Filter>Header Files</Filter>
    </ClInclude>
    <ClInclude Include="Includes\Console.h">
      <Filter>Header Files</Filter>
    </ClInclude>
    <ClInclude Include="Includes\Tetris.h">
      <Filter>Header Files</Filter>
    </ClInclude>
  </ItemGroup>
  <ItemGroup>
    <None Include="Resources\Tetris.bmp">
      <Filter>Resource Files</Filter>
    </None>
    <None Include="Tetris.mak" />
    <None Include="Resources\BATTERY.VFT">
      <Filter>Resource Files</Filter>
    </None>
    <None Include="Resources\background.bmp">
      <Filter>Resource Files</Filter>
    </None>
  </ItemGroup>
</Project>